Microsoft Visual Studio Solution File, Format Version 12.00
# Visual Studio Version 17
VisualStudioVersion = 17.5.2.0
MinimumVisualStudioVersion = 10.0.40219.1
Project("{FAE04EC0-301F-11D3-BF4B-00C04F79EFBC}") = "FileQs", "FileQs.csproj", "{B81EEEE3-B3EE-50BD-AF2F-A9DCF0B03E49}"
EndProject
Global
	GlobalSection(SolutionConfigurationPlatforms) = preSolution
		Debug|Any CPU = Debug|Any CPU
		Release|Any CPU = Release|Any CPU
	EndGlobalSection
	GlobalSection(ProjectConfigurationPlatforms) = postSolution
		{B81EEEE3-B3EE-50BD-AF2F-A9DCF0B03E49}.Debug|Any CPU.ActiveCfg = Debug|Any CPU
		{B81EEEE3-B3EE-50BD-AF2F-A9DCF0B03E49}.Debug|Any CPU.Build.0 = Debug|Any CPU
		{B81EEEE3-B3EE-50BD-AF2F-A9DCF0B03E49}.Release|Any CPU.ActiveCfg = Release|Any CPU
		{B81EEEE3-B3EE-50BD-AF2F-A9DCF0B03E49}.Release|Any CPU.Build.0 = Release|Any CPU
	EndGlobalSection
	GlobalSection(SolutionProperties) = preSolution
		HideSolutionNode = FALSE
	EndGlobalSection
	GlobalSection(ExtensibilityGlobals) = postSolution
		SolutionGuid = {14522A54-9D46-406F-B700-AAE58FE94620}
	EndGlobalSection
EndGlobal
